
Microsoft Visual Studio Solution File, Format Version 12.00
# Visual Studio Version 17
VisualStudioVersion = 17.9.34616.47
MinimumVisualStudioVersion = 10.0.40219.1
Project("{FAE04EC0-301F-11D3-BF4B-00C04F79EFBC}") = "Lab(1).py", "Lab(1).py\Lab(1).py.csproj", "{328EE5FE-67F2-4F55-B7D1-24427181DAA7}"
EndProject
Global
	GlobalSection(SolutionConfigurationPlatforms) = preSolution
		Debug|Any CPU = Debug|Any CPU
		Release|Any CPU = Release|Any CPU
	EndGlobalSection
	GlobalSection(ProjectConfigurationPlatforms) = postSolution
		{328EE5FE-67F2-4F55-B7D1-24427181DAA7}.Debug|Any CPU.ActiveCfg = Debug|Any CPU
		{328EE5FE-67F2-4F55-B7D1-24427181DAA7}.Debug|Any CPU.Build.0 = Debug|Any CPU
		{328EE5FE-67F2-4F55-B7D1-24427181DAA7}.Release|Any CPU.ActiveCfg = Release|Any CPU
		{328EE5FE-67F2-4F55-B7D1-24427181DAA7}.Release|Any CPU.Build.0 = Release|Any CPU
	EndGlobalSection
	GlobalSection(SolutionProperties) = preSolution
		HideSolutionNode = FALSE
	EndGlobalSection
	GlobalSection(ExtensibilityGlobals) = postSolution
		SolutionGuid = {BC70A772-466A-45DE-99C3-D1FFB7C14FA5}
	EndGlobalSection
EndGlobal
