
Microsoft Visual Studio Solution File, Format Version 12.00
# Visual Studio Version 17
VisualStudioVersion = 17.9.34616.47
MinimumVisualStudioVersion = 10.0.40219.1
Project("{FAE04EC0-301F-11D3-BF4B-00C04F79EFBC}") = "Lab6", "Lab6\Lab6.csproj", "{717F154D-9390-44A4-9717-A1AC2AED6B8B}"
EndProject
Global
	GlobalSection(SolutionConfigurationPlatforms) = preSolution
		Debug|Any CPU = Debug|Any CPU
		Release|Any CPU = Release|Any CPU
	EndGlobalSection
	GlobalSection(ProjectConfigurationPlatforms) = postSolution
		{717F154D-9390-44A4-9717-A1AC2AED6B8B}.Debug|Any CPU.ActiveCfg = Debug|Any CPU
		{717F154D-9390-44A4-9717-A1AC2AED6B8B}.Debug|Any CPU.Build.0 = Debug|Any CPU
		{717F154D-9390-44A4-9717-A1AC2AED6B8B}.Release|Any CPU.ActiveCfg = Release|Any CPU
		{717F154D-9390-44A4-9717-A1AC2AED6B8B}.Release|Any CPU.Build.0 = Release|Any CPU
	EndGlobalSection
	GlobalSection(SolutionProperties) = preSolution
		HideSolutionNode = FALSE
	EndGlobalSection
	GlobalSection(ExtensibilityGlobals) = postSolution
		SolutionGuid = {9D46F620-DC38-40A4-B3A3-3574BEA4FC59}
	EndGlobalSection
EndGlobal
